// !$*UTF8*$!
{
	archiveVersion = 1;
	classes = {
	};
	objectVersion = 77;
	objects = {

/* Begin PBXContainerItemProxy section */
		9651445D2E0BFBC4002EDDDA /* PBXContainerItemProxy */ = {
			isa = PBXContainerItemProxy;
			containerPortal = 965144452E0BFBC2002EDDDA /* Project object */;
			proxyType = 1;
			remoteGlobalIDString = 9651444C2E0BFBC2002EDDDA;
			remoteInfo = HelpEachOther;
		};
		965144672E0BFBC4002EDDDA /* PBXContainerItemProxy */ = {
			isa = PBXContainerItemProxy;
			containerPortal = 965144452E0BFBC2002EDDDA /* Project object */;
			proxyType = 1;
			remoteGlobalIDString = 9651444C2E0BFBC2002EDDDA;
			remoteInfo = HelpEachOther;
		};
/* End PBXContainerItemProxy section */

/* Begin PBXFileReference section */
		9651444D2E0BFBC2002EDDDA /* HelpEachOther.app */ = {isa = PBXFileReference; explicitFileType = wrapper.application; includeInIndex = 0; path = HelpEachOther.app; sourceTree = BUILT_PRODUCTS_DIR; };
		9651445C2E0BFBC4002EDDDA /* HelpEachOtherTests.xctest */ = {isa = PBXFileReference; explicitFileType = wrapper.cfbundle; includeInIndex = 0; path = HelpEachOtherTests.xctest; sourceTree = BUILT_PRODUCTS_DIR; };
		965144662E0BFBC4002EDDDA /* HelpEachOtherUITests.xctest */ = {isa = PBXFileReference; explicitFileType = wrapper.cfbundle; includeInIndex = 0; path = HelpEachOtherUITests.xctest; sourceTree = BUILT_PRODUCTS_DIR; };
/* End PBXFileReference section */

/* Begin PBXFileSystemSynchronizedRootGroup section */
		9651444F2E0BFBC2002EDDDA /* HelpEachOther */ = {
			isa = PBXFileSystemSynchronizedRootGroup;
			path = HelpEachOther;
			sourceTree = "<group>";
		};
		9651445F2E0BFBC4002EDDDA /* HelpEachOtherTests */ = {
			isa = PBXFileSystemSynchronizedRootGroup;
			path = HelpEachOtherTests;
			sourceTree = "<group>";
		};
		965144692E0BFBC4002EDDDA /* HelpEachOtherUITests */ = {
			isa = PBXFileSystemSynchronizedRootGroup;
			path = HelpEachOtherUITests;
			sourceTree = "<group>";
		};
/* End PBXFileSystemSynchronizedRootGroup section */

/* Begin PBXFrameworksBuildPhase section */
		9651444A2E0BFBC2002EDDDA /* Frameworks */ = {
			isa = PBXFrameworksBuildPhase;
			buildActionMask = 2147483647;
			files = (
			);
			runOnlyForDeploymentPostprocessing = 0;
		};
		965144592E0BFBC4002EDDDA /* Frameworks */ = {
			isa = PBXFrameworksBuildPhase;
			buildActionMask = 2147483647;
			files = (
			);
			runOnlyForDeploymentPostprocessing = 0;
		};
		965144632E0BFBC4002EDDDA /* Frameworks */ = {
			isa = PBXFrameworksBuildPhase;
			buildActionMask = 2147483647;
			files = (
			);
			runOnlyForDeploymentPostprocessing = 0;
		};
/* End PBXFrameworksBuildPhase section */

/* Begin PBXGroup section */
		965144442E0BFBC2002EDDDA = {
			isa = PBXGroup;
			children = (
				9651444F2E0BFBC2002EDDDA /* HelpEachOther */,
				9651445F2E0BFBC4002EDDDA /* HelpEachOtherTests */,
				965144692E0BFBC4002EDDDA /* HelpEachOtherUITests */,
				9651444E2E0BFBC2002EDDDA /* Products */,
			);
			sourceTree = "<group>";
		};
		9651444E2E0BFBC2002EDDDA /* Products */ = {
			isa = PBXGroup;
			children = (
				9651444D2E0BFBC2002EDDDA /* HelpEachOther.app */,
				9651445C2E0BFBC4002EDDDA /* HelpEachOtherTests.xctest */,
				965144662E0BFBC4002EDDDA /* HelpEachOtherUITests.xctest */,
			);
			name = Products;
			sourceTree = "<group>";
		};
/* End PBXGroup section */

/* Begin PBXNativeTarget section */
		9651444C2E0BFBC2002EDDDA /* HelpEachOther */ = {
			isa = PBXNativeTarget;
			buildConfigurationList = 965144702E0BFBC4002EDDDA /* Build configuration list for PBXNativeTarget "HelpEachOther" */;
			buildPhases = (
				965144492E0BFBC2002EDDDA /* Sources */,
				9651444A2E0BFBC2002EDDDA /* Frameworks */,
				9651444B2E0BFBC2002EDDDA /* Resources */,
			);
			buildRules = (
			);
			dependencies = (
			);
			fileSystemSynchronizedGroups = (
				9651444F2E0BFBC2002EDDDA /* HelpEachOther */,
			);
			name = HelpEachOther;
			packageProductDependencies = (
			);
			productName = HelpEachOther;
			productReference = 9651444D2E0BFBC2002EDDDA /* HelpEachOther.app */;
			productType = "com.apple.product-type.application";
		};
		9651445B2E0BFBC4002EDDDA /* HelpEachOtherTests */ = {
			isa = PBXNativeTarget;
			buildConfigurationList = 965144732E0BFBC4002EDDDA /* Build configuration list for PBXNativeTarget "HelpEachOtherTests" */;
			buildPhases = (
				965144582E0BFBC4002EDDDA /* Sources */,
				965144592E0BFBC4002EDDDA /* Frameworks */,
				9651445A2E0BFBC4002EDDDA /* Resources */,
			);
			buildRules = (
			);
			dependencies = (
				9651445E2E0BFBC4002EDDDA /* PBXTargetDependency */,
			);
			fileSystemSynchronizedGroups = (
				9651445F2E0BFBC4002EDDDA /* HelpEachOtherTests */,
			);
			name = HelpEachOtherTests;
			packageProductDependencies = (
			);
			productName = HelpEachOtherTests;
			productReference = 9651445C2E0BFBC4002EDDDA /* HelpEachOtherTests.xctest */;
			productType = "com.apple.product-type.bundle.unit-test";
		};
		965144652E0BFBC4002EDDDA /* HelpEachOtherUITests */ = {
			isa = PBXNativeTarget;
			buildConfigurationList = 965144762E0BFBC4002EDDDA /* Build configuration list for PBXNativeTarget "HelpEachOtherUITests" */;
			buildPhases = (
				965144622E0BFBC4002EDDDA /* Sources */,
				965144632E0BFBC4002EDDDA /* Frameworks */,
				965144642E0BFBC4002EDDDA /* Resources */,
			);
			buildRules = (
			);
			dependencies = (
				965144682E0BFBC4002EDDDA /* PBXTargetDependency */,
			);
			fileSystemSynchronizedGroups = (
				965144692E0BFBC4002EDDDA /* HelpEachOtherUITests */,
			);
			name = HelpEachOtherUITests;
			packageProductDependencies = (
			);
			productName = HelpEachOtherUITests;
			productReference = 965144662E0BFBC4002EDDDA /* HelpEachOtherUITests.xctest */;
			productType = "com.apple.product-type.bundle.ui-testing";
		};
/* End PBXNativeTarget section */

/* Begin PBXProject section */
		965144452E0BFBC2002EDDDA /* Project object */ = {
			isa = PBXProject;
			attributes = {
				BuildIndependentTargetsInParallel = 1;
				LastSwiftUpdateCheck = 1640;
				LastUpgradeCheck = 1640;
				TargetAttributes = {
					9651444C2E0BFBC2002EDDDA = {
						CreatedOnToolsVersion = 16.4;
					};
					9651445B2E0BFBC4002EDDDA = {
						CreatedOnToolsVersion = 16.4;
						TestTargetID = 9651444C2E0BFBC2002EDDDA;
					};
					965144652E0BFBC4002EDDDA = {
						CreatedOnToolsVersion = 16.4;
						TestTargetID = 9651444C2E0BFBC2002EDDDA;
					};
				};
			};
			buildConfigurationList = 965144482E0BFBC2002EDDDA /* Build configuration list for PBXProject "HelpEachOther" */;
			developmentRegion = en;
			hasScannedForEncodings = 0;
			knownRegions = (
				en,
				Base,
			);
			mainGroup = 965144442E0BFBC2002EDDDA;
			minimizedProjectReferenceProxies = 1;
			preferredProjectObjectVersion = 77;
			productRefGroup = 9651444E2E0BFBC2002EDDDA /* Products */;
			projectDirPath = "";
			projectRoot = "";
			targets = (
				9651444C2E0BFBC2002EDDDA /* HelpEachOther */,
				9651445B2E0BFBC4002EDDDA /* HelpEachOtherTests */,
				965144652E0BFBC4002EDDDA /* HelpEachOtherUITests */,
			);
		};
/* End PBXProject section */

/* Begin PBXResourcesBuildPhase section */
		9651444B2E0BFBC2002EDDDA /* Resources */ = {
			isa = PBXResourcesBuildPhase;
			buildActionMask = 2147483647;
			files = (
			);
			runOnlyForDeploymentPostprocessing = 0;
		};
		9651445A2E0BFBC4002EDDDA /* Resources */ = {
			isa = PBXResourcesBuildPhase;
			buildActionMask = 2147483647;
			files = (
			);
			runOnlyForDeploymentPostprocessing = 0;
		};
		965144642E0BFBC4002EDDDA /* Resources */ = {
			isa = PBXResourcesBuildPhase;
			buildActionMask = 2147483647;
			files = (
			);
			runOnlyForDeploymentPostprocessing = 0;
		};
/* End PBXResourcesBuildPhase section */

/* Begin PBXSourcesBuildPhase section */
		965144492E0BFBC2002EDDDA /* Sources */ = {
			isa = PBXSourcesBuildPhase;
			buildActionMask = 2147483647;
			files = (
			);
			runOnlyForDeploymentPostprocessing = 0;
		};
		965144582E0BFBC4002EDDDA /* Sources */ = {
			isa = PBXSourcesBuildPhase;
			buildActionMask = 2147483647;
			files = (
			);
			runOnlyForDeploymentPostprocessing = 0;
		};
		965144622E0BFBC4002EDDDA /* Sources */ = {
			isa = PBXSourcesBuildPhase;
			buildActionMask = 2147483647;
			files = (
			);
			runOnlyForDeploymentPostprocessing = 0;
		};
/* End PBXSourcesBuildPhase section */

/* Begin PBXTargetDependency section */
		9651445E2E0BFBC4002EDDDA /* PBXTargetDependency */ = {
			isa = PBXTargetDependency;
			target = 9651444C2E0BFBC2002EDDDA /* HelpEachOther */;
			targetProxy = 9651445D2E0BFBC4002EDDDA /* PBXContainerItemProxy */;
		};
		965144682E0BFBC4002EDDDA /* PBXTargetDependency */ = {
			isa = PBXTargetDependency;
			target = 9651444C2E0BFBC2002EDDDA /* HelpEachOther */;
			targetProxy = 965144672E0BFBC4002EDDDA /* PBXContainerItemProxy */;
		};
/* End PBXTargetDependency section */

/* Begin XCBuildConfiguration section */
		9651446E2E0BFBC4002EDDDA /* Debug */ = {
			isa = XCBuildConfiguration;
			buildSettings = {
				ALWAYS_SEARCH_USER_PATHS = NO;
				ASSETCATALOG_COMPILER_GENERATE_SWIFT_ASSET_SYMBOL_EXTENSIONS = YES;
				CLANG_ANALYZER_NONNULL = YES;
				CLANG_ANALYZER_NUMBER_OBJECT_CONVERSION = YES_AGGRESSIVE;
				CLANG_CXX_LANGUAGE_STANDARD = "gnu++20";
				CLANG_ENABLE_MODULES = YES;
				CLANG_ENABLE_OBJC_ARC = YES;
				CLANG_ENABLE_OBJC_WEAK = YES;
				CLANG_WARN_BLOCK_CAPTURE_AUTORELEASING = YES;
				CLANG_WARN_BOOL_CONVERSION = YES;
				CLANG_WARN_COMMA = YES;
				CLANG_WARN_CONSTANT_CONVERSION = YES;
				CLANG_WARN_DEPRECATED_OBJC_IMPLEMENTATIONS = YES;
				CLANG_WARN_DIRECT_OBJC_ISA_USAGE = YES_ERROR;
				CLANG_WARN_DOCUMENTATION_COMMENTS = YES;
				CLANG_WARN_EMPTY_BODY = YES;
				CLANG_WARN_ENUM_CONVERSION = YES;
				CLANG_WARN_INFINITE_RECURSION = YES;
				CLANG_WARN_INT_CONVERSION = YES;
				CLANG_WARN_NON_LITERAL_NULL_CONVERSION = YES;
				CLANG_WARN_OBJC_IMPLICIT_RETAIN_SELF = YES;
				CLANG_WARN_OBJC_LITERAL_CONVERSION = YES;
				CLANG_WARN_OBJC_ROOT_CLASS = YES_ERROR;
				CLANG_WARN_QUOTED_INCLUDE_IN_FRAMEWORK_HEADER = YES;
				CLANG_WARN_RANGE_LOOP_ANALYSIS = YES;
				CLANG_WARN_STRICT_PROTOTYPES = YES;
				CLANG_WARN_SUSPICIOUS_MOVE = YES;
				CLANG_WARN_UNGUARDED_AVAILABILITY = YES_AGGRESSIVE;
				CLANG_WARN_UNREACHABLE_CODE = YES;
				CLANG_WARN__DUPLICATE_METHOD_MATCH = YES;
				COPY_PHASE_STRIP = NO;
				DEBUG_INFORMATION_FORMAT = dwarf;
				DEVELOPMENT_TEAM = DB87D2QYG3;
				ENABLE_STRICT_OBJC_MSGSEND = YES;
				ENABLE_TESTABILITY = YES;
				ENABLE_USER_SCRIPT_SANDBOXING = YES;
				GCC_C_LANGUAGE_STANDARD = gnu17;
				GCC_DYNAMIC_NO_PIC = NO;
				GCC_NO_COMMON_BLOCKS = YES;
				GCC_OPTIMIZATION_LEVEL = 0;
				GCC_PREPROCESSOR_DEFINITIONS = (
					"DEBUG=1",
					"$(inherited)",
				);
				GCC_WARN_64_TO_32_BIT_CONVERSION = YES;
				GCC_WARN_ABOUT_RETURN_TYPE = YES_ERROR;
				GCC_WARN_UNDECLARED_SELECTOR = YES;
				GCC_WARN_UNINITIALIZED_AUTOS = YES_AGGRESSIVE;
				GCC_WARN_UNUSED_FUNCTION = YES;
				GCC_WARN_UNUSED_VARIABLE = YES;
				IPHONEOS_DEPLOYMENT_TARGET = 18.5;
				LOCALIZATION_PREFERS_STRING_CATALOGS = YES;
				MTL_ENABLE_DEBUG_INFO = INCLUDE_SOURCE;
				MTL_FAST_MATH = YES;
				ONLY_ACTIVE_ARCH = YES;
				SDKROOT = iphoneos;
				SWIFT_ACTIVE_COMPILATION_CONDITIONS = "DEBUG $(inherited)";
				SWIFT_OPTIMIZATION_LEVEL = "-Onone";
			};
			name = Debug;
		};
		9651446F2E0BFBC4002EDDDA /* Release */ = {
			isa = XCBuildConfiguration;
			buildSettings = {
				ALWAYS_SEARCH_USER_PATHS = NO;
				ASSETCATALOG_COMPILER_GENERATE_SWIFT_ASSET_SYMBOL_EXTENSIONS = YES;
				CLANG_ANALYZER_NONNULL = YES;
				CLANG_ANALYZER_NUMBER_OBJECT_CONVERSION = YES_AGGRESSIVE;
				CLANG_CXX_LANGUAGE_STANDARD = "gnu++20";
				CLANG_ENABLE_MODULES = YES;
				CLANG_ENABLE_OBJC_ARC = YES;
				CLANG_ENABLE_OBJC_WEAK = YES;
				CLANG_WARN_BLOCK_CAPTURE_AUTORELEASING = YES;
				CLANG_WARN_BOOL_CONVERSION = YES;
				CLANG_WARN_COMMA = YES;
				CLANG_WARN_CONSTANT_CONVERSION = YES;
				CLANG_WARN_DEPRECATED_OBJC_IMPLEMENTATIONS = YES;
				CLANG_WARN_DIRECT_OBJC_ISA_USAGE = YES_ERROR;
				CLANG_WARN_DOCUMENTATION_COMMENTS = YES;
				CLANG_WARN_EMPTY_BODY = YES;
				CLANG_WARN_ENUM_CONVERSION = YES;
				CLANG_WARN_INFINITE_RECURSION = YES;
				CLANG_WARN_INT_CONVERSION = YES;
				CLANG_WARN_NON_LITERAL_NULL_CONVERSION = YES;
				CLANG_WARN_OBJC_IMPLICIT_RETAIN_SELF = YES;
				CLANG_WARN_OBJC_LITERAL_CONVERSION = YES;
				CLANG_WARN_OBJC_ROOT_CLASS = YES_ERROR;
				CLANG_WARN_QUOTED_INCLUDE_IN_FRAMEWORK_HEADER = YES;
				CLANG_WARN_RANGE_LOOP_ANALYSIS = YES;
				CLANG_WARN_STRICT_PROTOTYPES = YES;
				CLANG_WARN_SUSPICIOUS_MOVE = YES;
				CLANG_WARN_UNGUARDED_AVAILABILITY = YES_AGGRESSIVE;
				CLANG_WARN_UNREACHABLE_CODE = YES;
				CLANG_WARN__DUPLICATE_METHOD_MATCH = YES;
				COPY_PHASE_STRIP = NO;
				DEBUG_INFORMATION_FORMAT = "dwarf-with-dsym";
				DEVELOPMENT_TEAM = DB87D2QYG3;
				ENABLE_NS_ASSERTIONS = NO;
				ENABLE_STRICT_OBJC_MSGSEND = YES;
				ENABLE_USER_SCRIPT_SANDBOXING = YES;
				GCC_C_LANGUAGE_STANDARD = gnu17;
				GCC_NO_COMMON_BLOCKS = YES;
				GCC_WARN_64_TO_32_BIT_CONVERSION = YES;
				GCC_WARN_ABOUT_RETURN_TYPE = YES_ERROR;
				GCC_WARN_UNDECLARED_SELECTOR = YES;
				GCC_WARN_UNINITIALIZED_AUTOS = YES_AGGRESSIVE;
				GCC_WARN_UNUSED_FUNCTION = YES;
				GCC_WARN_UNUSED_VARIABLE = YES;
				IPHONEOS_DEPLOYMENT_TARGET = 18.5;
				LOCALIZATION_PREFERS_STRING_CATALOGS = YES;
				MTL_ENABLE_DEBUG_INFO = NO;
				MTL_FAST_MATH = YES;
				SDKROOT = iphoneos;
				SWIFT_COMPILATION_MODE = wholemodule;
				VALIDATE_PRODUCT = YES;
			};
			name = Release;
		};
		965144712E0BFBC4002EDDDA /* Debug */ = {
			isa = XCBuildConfiguration;
			buildSettings = {
				ASSETCATALOG_COMPILER_APPICON_NAME = AppIcon;
				ASSETCATALOG_COMPILER_GLOBAL_ACCENT_COLOR_NAME = AccentColor;
				CODE_SIGN_STYLE = Automatic;
				CURRENT_PROJECT_VERSION = 1;
				DEVELOPMENT_TEAM = DB87D2QYG3;
				ENABLE_PREVIEWS = YES;
				GENERATE_INFOPLIST_FILE = YES;
				INFOPLIST_KEY_UIApplicationSceneManifest_Generation = YES;
				INFOPLIST_KEY_UIApplicationSupportsIndirectInputEvents = YES;
				INFOPLIST_KEY_UILaunchScreen_Generation = YES;
				INFOPLIST_KEY_UISupportedInterfaceOrientations_iPad = "UIInterfaceOrientationPortrait UIInterfaceOrientationPortraitUpsideDown UIInterfaceOrientationLandscapeLeft UIInterfaceOrientationLandscapeRight";
				INFOPLIST_KEY_UISupportedInterfaceOrientations_iPhone = "UIInterfaceOrientationPortrait UIInterfaceOrientationLandscapeLeft UIInterfaceOrientationLandscapeRight";
				LD_RUNPATH_SEARCH_PATHS = (
					"$(inherited)",
					"@executable_path/Frameworks",
				);
				MARKETING_VERSION = 1.0;
				PRODUCT_BUNDLE_IDENTIFIER = com.heo.app.HelpEachOther;
				PRODUCT_NAME = "$(TARGET_NAME)";
				SWIFT_EMIT_LOC_STRINGS = YES;
				SWIFT_VERSION = 5.0;
				TARGETED_DEVICE_FAMILY = "1,2";
			};
			name = Debug;
		};
		965144722E0BFBC4002EDDDA /* Release */ = {
			isa = XCBuildConfiguration;
			buildSettings = {
				ASSETCATALOG_COMPILER_APPICON_NAME = AppIcon;
				ASSETCATALOG_COMPILER_GLOBAL_ACCENT_COLOR_NAME = AccentColor;
				CODE_SIGN_STYLE = Automatic;
				CURRENT_PROJECT_VERSION = 1;
				DEVELOPMENT_TEAM = DB87D2QYG3;
				ENABLE_PREVIEWS = YES;
				GENERATE_INFOPLIST_FILE = YES;
				INFOPLIST_KEY_UIApplicationSceneManifest_Generation = YES;
				INFOPLIST_KEY_UIApplicationSupportsIndirectInputEvents = YES;
				INFOPLIST_KEY_UILaunchScreen_Generation = YES;
				INFOPLIST_KEY_UISupportedInterfaceOrientations_iPad = "UIInterfaceOrientationPortrait UIInterfaceOrientationPortraitUpsideDown UIInterfaceOrientationLandscapeLeft UIInterfaceOrientationLandscapeRight";
				INFOPLIST_KEY_UISupportedInterfaceOrientations_iPhone = "UIInterfaceOrientationPortrait UIInterfaceOrientationLandscapeLeft UIInterfaceOrientationLandscapeRight";
				LD_RUNPATH_SEARCH_PATHS = (
					"$(inherited)",
					"@executable_path/Frameworks",
				);
				MARKETING_VERSION = 1.0;
				PRODUCT_BUNDLE_IDENTIFIER = com.heo.app.HelpEachOther;
				PRODUCT_NAME = "$(TARGET_NAME)";
				SWIFT_EMIT_LOC_STRINGS = YES;
				SWIFT_VERSION = 5.0;
				TARGETED_DEVICE_FAMILY = "1,2";
			};
			name = Release;
		};
		965144742E0BFBC4002EDDDA /* Debug */ = {
			isa = XCBuildConfiguration;
			buildSettings = {
				BUNDLE_LOADER = "$(TEST_HOST)";
				CODE_SIGN_STYLE = Automatic;
				CURRENT_PROJECT_VERSION = 1;
				DEVELOPMENT_TEAM = DB87D2QYG3;
				GENERATE_INFOPLIST_FILE = YES;
				IPHONEOS_DEPLOYMENT_TARGET = 18.5;
				MARKETING_VERSION = 1.0;
				PRODUCT_BUNDLE_IDENTIFIER = com.heo.app.HelpEachOtherTests;
				PRODUCT_NAME = "$(TARGET_NAME)";
				SWIFT_EMIT_LOC_STRINGS = NO;
				SWIFT_VERSION = 5.0;
				TARGETED_DEVICE_FAMILY = "1,2";
				TEST_HOST = "$(BUILT_PRODUCTS_DIR)/HelpEachOther.app/$(BUNDLE_EXECUTABLE_FOLDER_PATH)/HelpEachOther";
			};
			name = Debug;
		};
		965144752E0BFBC4002EDDDA /* Release */ = {
			isa = XCBuildConfiguration;
			buildSettings = {
				BUNDLE_LOADER = "$(TEST_HOST)";
				CODE_SIGN_STYLE = Automatic;
				CURRENT_PROJECT_VERSION = 1;
				DEVELOPMENT_TEAM = DB87D2QYG3;
				GENERATE_INFOPLIST_FILE = YES;
				IPHONEOS_DEPLOYMENT_TARGET = 18.5;
				MARKETING_VERSION = 1.0;
				PRODUCT_BUNDLE_IDENTIFIER = com.heo.app.HelpEachOtherTests;
				PRODUCT_NAME = "$(TARGET_NAME)";
				SWIFT_EMIT_LOC_STRINGS = NO;
				SWIFT_VERSION = 5.0;
				TARGETED_DEVICE_FAMILY = "1,2";
				TEST_HOST = "$(BUILT_PRODUCTS_DIR)/HelpEachOther.app/$(BUNDLE_EXECUTABLE_FOLDER_PATH)/HelpEachOther";
			};
			name = Release;
		};
		965144772E0BFBC4002EDDDA /* Debug */ = {
			isa = XCBuildConfiguration;
			buildSettings = {
				CODE_SIGN_STYLE = Automatic;
				CURRENT_PROJECT_VERSION = 1;
				DEVELOPMENT_TEAM = DB87D2QYG3;
				GENERATE_INFOPLIST_FILE = YES;
				MARKETING_VERSION = 1.0;
				PRODUCT_BUNDLE_IDENTIFIER = com.heo.app.HelpEachOtherUITests;
				PRODUCT_NAME = "$(TARGET_NAME)";
				SWIFT_EMIT_LOC_STRINGS = NO;
				SWIFT_VERSION = 5.0;
				TARGETED_DEVICE_FAMILY = "1,2";
				TEST_TARGET_NAME = HelpEachOther;
			};
			name = Debug;
		};
		965144782E0BFBC4002EDDDA /* Release */ = {
			isa = XCBuildConfiguration;
			buildSettings = {
				CODE_SIGN_STYLE = Automatic;
				CURRENT_PROJECT_VERSION = 1;
				DEVELOPMENT_TEAM = DB87D2QYG3;
				GENERATE_INFOPLIST_FILE = YES;
				MARKETING_VERSION = 1.0;
				PRODUCT_BUNDLE_IDENTIFIER = com.heo.app.HelpEachOtherUITests;
				PRODUCT_NAME = "$(TARGET_NAME)";
				SWIFT_EMIT_LOC_STRINGS = NO;
				SWIFT_VERSION = 5.0;
				TARGETED_DEVICE_FAMILY = "1,2";
				TEST_TARGET_NAME = HelpEachOther;
			};
			name = Release;
		};
/* End XCBuildConfiguration section */

/* Begin XCConfigurationList section */
		965144482E0BFBC2002EDDDA /* Build configuration list for PBXProject "HelpEachOther" */ = {
			isa = XCConfigurationList;
			buildConfigurations = (
				9651446E2E0BFBC4002EDDDA /* Debug */,
				9651446F2E0BFBC4002EDDDA /* Release */,
			);
			defaultConfigurationIsVisible = 0;
			defaultConfigurationName = Release;
		};
		965144702E0BFBC4002EDDDA /* Build configuration list for PBXNativeTarget "HelpEachOther" */ = {
			isa = XCConfigurationList;
			buildConfigurations = (
				965144712E0BFBC4002EDDDA /* Debug */,
				965144722E0BFBC4002EDDDA /* Release */,
			);
			defaultConfigurationIsVisible = 0;
			defaultConfigurationName = Release;
		};
		965144732E0BFBC4002EDDDA /* Build configuration list for PBXNativeTarget "HelpEachOtherTests" */ = {
			isa = XCConfigurationList;
			buildConfigurations = (
				965144742E0BFBC4002EDDDA /* Debug */,
				965144752E0BFBC4002EDDDA /* Release */,
			);
			defaultConfigurationIsVisible = 0;
			defaultConfigurationName = Release;
		};
		965144762E0BFBC4002EDDDA /* Build configuration list for PBXNativeTarget "HelpEachOtherUITests" */ = {
			isa = XCConfigurationList;
			buildConfigurations = (
				965144772E0BFBC4002EDDDA /* Debug */,
				965144782E0BFBC4002EDDDA /* Release */,
			);
			defaultConfigurationIsVisible = 0;
			defaultConfigurationName = Release;
		};
/* End XCConfigurationList section */
	};
	rootObject = 965144452E0BFBC2002EDDDA /* Project object */;
}
